Microsoft Visual Studio Solution File, Format Version 12.00
# Visual Studio Version 16
VisualStudioVersion = 16.0.29905.134
MinimumVisualStudioVersion = 10.0.40219.1
Project("{6EC3EE1D-3C4E-46DD-8F32-0CC8E7565705}") = "Anteater.Demo", "src\Anteater.Demo\Anteater.Demo.fsproj", "{E1D7AF05-189E-4B10-9729-A29791CF32D4}"
EndProject
Project("{6EC3EE1D-3C4E-46DD-8F32-0CC8E7565705}") = "Anteater", "src\Anteater\Anteater.fsproj", "{686DA1D2-430A-48F3-81C5-8130A7BA9FE5}"
EndProject
Project("{6EC3EE1D-3C4E-46DD-8F32-0CC8E7565705}") = "Anteater.OpenGL", "src\Anteater.OpenGL\Anteater.OpenGL.fsproj", "{E24BF926-E99E-460E-8075-2C7EF7FF020E}"
EndProject
Project("{2150E333-8FDC-42A3-9474-1A3956D46DE8}") = "Tests", "Tests", "{02DDF66C-2DF3-4F34-BBF0-76F080FACCF3}"
EndProject
Project("{F2A71F9B-5D33-465A-A702-920D77279786}") = "Anteater.OpenGL.Tests", "src\Tests\Anteater.OpenGL.Tests\Anteater.OpenGL.Tests.fsproj", "{9042B7F0-450D-4E33-816C-7E8626601A81}"
EndProject
Global
	GlobalSection(SolutionConfigurationPlatforms) = preSolution
		Debug|Any CPU = Debug|Any CPU
		Release|Any CPU = Release|Any CPU
	EndGlobalSection
	GlobalSection(ProjectConfigurationPlatforms) = postSolution
		{E1D7AF05-189E-4B10-9729-A29791CF32D4}.Debug|Any CPU.ActiveCfg = Debug|Any CPU
		{E1D7AF05-189E-4B10-9729-A29791CF32D4}.Debug|Any CPU.Build.0 = Debug|Any CPU
		{E1D7AF05-189E-4B10-9729-A29791CF32D4}.Release|Any CPU.ActiveCfg = Release|Any CPU
		{E1D7AF05-189E-4B10-9729-A29791CF32D4}.Release|Any CPU.Build.0 = Release|Any CPU
		{686DA1D2-430A-48F3-81C5-8130A7BA9FE5}.Debug|Any CPU.ActiveCfg = Debug|Any CPU
		{686DA1D2-430A-48F3-81C5-8130A7BA9FE5}.Debug|Any CPU.Build.0 = Debug|Any CPU
		{686DA1D2-430A-48F3-81C5-8130A7BA9FE5}.Release|Any CPU.ActiveCfg = Release|Any CPU
		{686DA1D2-430A-48F3-81C5-8130A7BA9FE5}.Release|Any CPU.Build.0 = Release|Any CPU
		{E24BF926-E99E-460E-8075-2C7EF7FF020E}.Debug|Any CPU.ActiveCfg = Debug|Any CPU
		{E24BF926-E99E-460E-8075-2C7EF7FF020E}.Debug|Any CPU.Build.0 = Debug|Any CPU
		{E24BF926-E99E-460E-8075-2C7EF7FF020E}.Release|Any CPU.ActiveCfg = Release|Any CPU
		{E24BF926-E99E-460E-8075-2C7EF7FF020E}.Release|Any CPU.Build.0 = Release|Any CPU
		{9042B7F0-450D-4E33-816C-7E8626601A81}.Debug|Any CPU.ActiveCfg = Debug|Any CPU
		{9042B7F0-450D-4E33-816C-7E8626601A81}.Debug|Any CPU.Build.0 = Debug|Any CPU
		{9042B7F0-450D-4E33-816C-7E8626601A81}.Release|Any CPU.ActiveCfg = Release|Any CPU
		{9042B7F0-450D-4E33-816C-7E8626601A81}.Release|Any CPU.Build.0 = Release|Any CPU
	EndGlobalSection
	GlobalSection(SolutionProperties) = preSolution
		HideSolutionNode = FALSE
	EndGlobalSection
	GlobalSection(NestedProjects) = preSolution
		{9042B7F0-450D-4E33-816C-7E8626601A81} = {02DDF66C-2DF3-4F34-BBF0-76F080FACCF3}
	EndGlobalSection
	GlobalSection(ExtensibilityGlobals) = postSolution
		SolutionGuid = {7B427528-7F87-4D94-88A6-9834FADB9CEA}
	EndGlobalSection
EndGlobal
